
Microsoft Visual Studio Solution File, Format Version 12.00
# Visual Studio 14
VisualStudioVersion = 14.0.25420.1
MinimumVisualStudioVersion = 10.0.40219.1
Project("{FAE04EC0-301F-11D3-BF4B-00C04F79EFBC}") = "DegreeConverter.Engine", "DegreeConverter.Engine\DegreeConverter.Engine.csproj", "{EF93D894-001E-4495-BA24-2AAF5EB12AC3}"
EndProject
Project("{FAE04EC0-301F-11D3-BF4B-00C04F79EFBC}") = "DegreeConverter.WinView", "DegreeConverter.WinView\DegreeConverter.WinView.csproj", "{8C8AAEEC-0DFC-4EB0-BDC2-0CDAB11A6F97}"
EndProject
Global
	GlobalSection(SolutionConfigurationPlatforms) = preSolution
		Debug|.NET = Debug|.NET
		Debug|Any CPU = Debug|Any CPU
		Debug|Mixed Platforms = Debug|Mixed Platforms
		Release|.NET = Release|.NET
		Release|Any CPU = Release|Any CPU
		Release|Mixed Platforms = Release|Mixed Platforms
	EndGlobalSection
	GlobalSection(ProjectConfigurationPlatforms) = postSolution
		{EF93D894-001E-4495-BA24-2AAF5EB12AC3}.Debug|.NET.ActiveCfg = Debug|Any CPU
		{EF93D894-001E-4495-BA24-2AAF5EB12AC3}.Debug|Any CPU.ActiveCfg = Debug|Any CPU
		{EF93D894-001E-4495-BA24-2AAF5EB12AC3}.Debug|Any CPU.Build.0 = Debug|Any CPU
		{EF93D894-001E-4495-BA24-2AAF5EB12AC3}.Debug|Mixed Platforms.ActiveCfg = Debug|Any CPU
		{EF93D894-001E-4495-BA24-2AAF5EB12AC3}.Debug|Mixed Platforms.Build.0 = Debug|Any CPU
		{EF93D894-001E-4495-BA24-2AAF5EB12AC3}.Release|.NET.ActiveCfg = Release|Any CPU
		{EF93D894-001E-4495-BA24-2AAF5EB12AC3}.Release|Any CPU.ActiveCfg = Release|Any CPU
		{EF93D894-001E-4495-BA24-2AAF5EB12AC3}.Release|Any CPU.Build.0 = Release|Any CPU
		{EF93D894-001E-4495-BA24-2AAF5EB12AC3}.Release|Mixed Platforms.ActiveCfg = Release|Any CPU
		{EF93D894-001E-4495-BA24-2AAF5EB12AC3}.Release|Mixed Platforms.Build.0 = Release|Any CPU
		{8C8AAEEC-0DFC-4EB0-BDC2-0CDAB11A6F97}.Debug|.NET.ActiveCfg = Debug|Any CPU
		{8C8AAEEC-0DFC-4EB0-BDC2-0CDAB11A6F97}.Debug|Any CPU.ActiveCfg = Debug|Any CPU
		{8C8AAEEC-0DFC-4EB0-BDC2-0CDAB11A6F97}.Debug|Any CPU.Build.0 = Debug|Any CPU
		{8C8AAEEC-0DFC-4EB0-BDC2-0CDAB11A6F97}.Debug|Mixed Platforms.ActiveCfg = Debug|Any CPU
		{8C8AAEEC-0DFC-4EB0-BDC2-0CDAB11A6F97}.Debug|Mixed Platforms.Build.0 = Debug|Any CPU
		{8C8AAEEC-0DFC-4EB0-BDC2-0CDAB11A6F97}.Release|.NET.ActiveCfg = Release|Any CPU
		{8C8AAEEC-0DFC-4EB0-BDC2-0CDAB11A6F97}.Release|Any CPU.ActiveCfg = Release|Any CPU
		{8C8AAEEC-0DFC-4EB0-BDC2-0CDAB11A6F97}.Release|Any CPU.Build.0 = Release|Any CPU
		{8C8AAEEC-0DFC-4EB0-BDC2-0CDAB11A6F97}.Release|Mixed Platforms.ActiveCfg = Release|Any CPU
		{8C8AAEEC-0DFC-4EB0-BDC2-0CDAB11A6F97}.Release|Mixed Platforms.Build.0 = Release|Any CPU
	EndGlobalSection
	GlobalSection(SolutionProperties) = preSolution
		HideSolutionNode = FALSE
	EndGlobalSection
EndGlobal
